{
    "_readme": [
        "This file locks the dependencies of your project to a known state",
        "Read more about it at https://getcomposer.org/doc/01-basic-usage.md#composer-lock-the-lock-file",
        "This file is @generated automatically"
    ],
    "content-hash": "96f89bffa98054aad130bbb5a79b1d62",
    "packages": [
        {
            "name": "widmogrod/php-functional",
            "version": "3.0.0",
            "source": {
                "type": "git",
                "url": "https://github.com/widmogrod/php-functional.git",
                "reference": "51cb5a24bf3b9d85b4c7880cd72d8c1bd4114c30"
            },
            "dist": {
                "type": "zip",
                "url": "https://api.github.com/repos/widmogrod/php-functional/zipball/51cb5a24bf3b9d85b4c7880cd72d8c1bd4114c30",
                "reference": "51cb5a24bf3b9d85b4c7880cd72d8c1bd4114c30",
                "shasum": ""
            },
            "require-dev": {
                "phpunit/phpunit": "^4.7"
            },
            "type": "library",
            "autoload": {
                "psr-4": {
                    "Widmogrod\\": "./src"
                },
                "files": [
                    "src/Functional/functions.php",
                    "src/Functional/predicates.php",
                    "src/Functional/strings.php",
                    "src/Monad/Either/functions.php",
                    "src/Monad/Maybe/functions.php",
                    "src/Monad/IO/functions.php",
                    "src/Monad/IO/errors.php",
                    "src/Monad/State/functions.php",
                    "src/Monad/Control/functions.php"
                ]
            },
            "notification-url": "https://packagist.org/downloads/",
            "license": [
                "MIT"
            ],
            "authors": [
                {
                    "name": "Gabriel Habryn",
                    "email": "widmogrod@gmail.com"
                }
            ],
            "description": "Functors, Applicative and Monads are fascinating concept. Purpose of this library is to explore them in OOP PHP world.",
            "time": "2016-10-16T16:09:29+00:00"
        }
    ],
    "packages-dev": [],
    "aliases": [],
    "minimum-stability": "stable",
    "stability-flags": [],
    "prefer-stable": false,
    "prefer-lowest": false,
    "platform": [],
    "platform-dev": []
}
