{
    "_readme": [
        "This file locks the dependencies of your project to a known state",
        "Read more about it at https://getcomposer.org/doc/01-basic-usage.md#composer-lock-the-lock-file",
        "This file is @generated automatically"
    ],
    "content-hash": "f860486a8340d78040cd41502958df29",
    "packages": [
        {
            "name": "widmogrod/php-functional",
            "version": "4.1.0",
            "source": {
                "type": "git",
                "url": "https://github.com/widmogrod/php-functional.git",
                "reference": "5b79110cf0f4c002484699d4ac4d288cd79a1676"
            },
            "dist": {
                "type": "zip",
                "url": "https://api.github.com/repos/widmogrod/php-functional/zipball/5b79110cf0f4c002484699d4ac4d288cd79a1676",
                "reference": "5b79110cf0f4c002484699d4ac4d288cd79a1676",
                "shasum": ""
            },
            "require": {
                "php": ">=7.1"
            },
            "require-dev": {
                "friendsofphp/php-cs-fixer": "^2",
                "giorgiosironi/eris": "^0.9",
                "phpunit/phpunit": "^6"
            },
            "type": "library",
            "autoload": {
                "psr-4": {
                    "Widmogrod\\": "./src"
                },
                "files": [
                    "src/Functional/array.php",
                    "src/Functional/functions.php",
                    "src/Functional/miscellaneous.php",
                    "src/Functional/listt.php",
                    "src/Functional/zipping.php",
                    "src/Functional/sublist.php",
                    "src/Functional/infinit.php",
                    "src/Functional/predicates.php",
                    "src/Functional/strings.php",
                    "src/Functional/monoid.php",
                    "src/Functional/setoid.php",
                    "src/Monad/Either/functions.php",
                    "src/Monad/Maybe/functions.php",
                    "src/Monad/Free/functions.php",
                    "src/Monad/IO/functions.php",
                    "src/Monad/IO/errors.php",
                    "src/Monad/Reader/functions.php",
                    "src/Monad/State/functions.php",
                    "src/Monad/Writer/functions.php",
                    "src/Useful/match.php"
                ]
            },
            "notification-url": "https://packagist.org/downloads/",
            "license": [
                "MIT"
            ],
            "authors": [
                {
                    "name": "Gabriel Habryn",
                    "email": "widmogrod@gmail.com"
                }
            ],
            "description": "Functors, Applicative and Monads are fascinating concept. Purpose of this library is to explore them in OOP PHP world.",
            "time": "2017-12-30T21:08:36+00:00"
        }
    ],
    "packages-dev": [],
    "aliases": [],
    "minimum-stability": "stable",
    "stability-flags": [],
    "prefer-stable": false,
    "prefer-lowest": false,
    "platform": [],
    "platform-dev": []
}
